
Microsoft Visual Studio Solution File, Format Version 12.00
# Visual Studio Version 17
VisualStudioVersion = 17.7.34221.43
MinimumVisualStudioVersion = 10.0.40219.1
Project("{FAE04EC0-301F-11D3-BF4B-00C04F79EFBC}") = "hw3-2_10_6", "hw3-2_10_6\hw3-2_10_6.csproj", "{B276C8FF-1BD0-4FC2-BC12-F69C71413BA6}"
EndProject
Global
	GlobalSection(SolutionConfigurationPlatforms) = preSolution
		Debug|Any CPU = Debug|Any CPU
		Release|Any CPU = Release|Any CPU
	EndGlobalSection
	GlobalSection(ProjectConfigurationPlatforms) = postSolution
		{B276C8FF-1BD0-4FC2-BC12-F69C71413BA6}.Debug|Any CPU.ActiveCfg = Debug|Any CPU
		{B276C8FF-1BD0-4FC2-BC12-F69C71413BA6}.Debug|Any CPU.Build.0 = Debug|Any CPU
		{B276C8FF-1BD0-4FC2-BC12-F69C71413BA6}.Release|Any CPU.ActiveCfg = Release|Any CPU
		{B276C8FF-1BD0-4FC2-BC12-F69C71413BA6}.Release|Any CPU.Build.0 = Release|Any CPU
	EndGlobalSection
	GlobalSection(SolutionProperties) = preSolution
		HideSolutionNode = FALSE
	EndGlobalSection
	GlobalSection(ExtensibilityGlobals) = postSolution
		SolutionGuid = {9C3D42E8-ECFE-4974-AF1A-72F92552C4E8}
	EndGlobalSection
EndGlobal
